// !$*UTF8*$!
{
	archiveVersion = 1;
	classes = {
	};
	objectVersion = 77;
	objects = {

/* Begin PBXContainerItemProxy section */
		8F2AABC42D0E902300B808B6 /* PBXContainerItemProxy */ = {
			isa = PBXContainerItemProxy;
			containerPortal = 8F2AABAB2D0E901F00B808B6 /* Project object */;
			proxyType = 1;
			remoteGlobalIDString = 8F2AABB22D0E901F00B808B6;
			remoteInfo = WeatherTracker;
		};
		8F2AABCE2D0E902300B808B6 /* PBXContainerItemProxy */ = {
			isa = PBXContainerItemProxy;
			containerPortal = 8F2AABAB2D0E901F00B808B6 /* Project object */;
			proxyType = 1;
			remoteGlobalIDString = 8F2AABB22D0E901F00B808B6;
			remoteInfo = WeatherTracker;
		};
/* End PBXContainerItemProxy section */

/* Begin PBXFileReference section */
		8F2AABB32D0E901F00B808B6 /* WeatherTracker.app */ = {isa = PBXFileReference; explicitFileType = wrapper.application; includeInIndex = 0; path = WeatherTracker.app; sourceTree = BUILT_PRODUCTS_DIR; };
		8F2AABC32D0E902300B808B6 /* WeatherTrackerTests.xctest */ = {isa = PBXFileReference; explicitFileType = wrapper.cfbundle; includeInIndex = 0; path = WeatherTrackerTests.xctest; sourceTree = BUILT_PRODUCTS_DIR; };
		8F2AABCD2D0E902300B808B6 /* WeatherTrackerUITests.xctest */ = {isa = PBXFileReference; explicitFileType = wrapper.cfbundle; includeInIndex = 0; path = WeatherTrackerUITests.xctest; sourceTree = BUILT_PRODUCTS_DIR; };
/* End PBXFileReference section */

/* Begin PBXFileSystemSynchronizedBuildFileExceptionSet section */
		8F2AAC0E2D0EA45A00B808B6 /* Exceptions for "WeatherTracker" folder in "WeatherTracker" target */ = {
			isa = PBXFileSystemSynchronizedBuildFileExceptionSet;
			membershipExceptions = (
				Info.plist,
			);
			target = 8F2AABB22D0E901F00B808B6 /* WeatherTracker */;
		};
/* End PBXFileSystemSynchronizedBuildFileExceptionSet section */

/* Begin PBXFileSystemSynchronizedRootGroup section */
		8F2AABB52D0E901F00B808B6 /* WeatherTracker */ = {
			isa = PBXFileSystemSynchronizedRootGroup;
			exceptions = (
				8F2AAC0E2D0EA45A00B808B6 /* Exceptions for "WeatherTracker" folder in "WeatherTracker" target */,
			);
			path = WeatherTracker;
			sourceTree = "<group>";
		};
		8F2AABC62D0E902300B808B6 /* WeatherTrackerTests */ = {
			isa = PBXFileSystemSynchronizedRootGroup;
			path = WeatherTrackerTests;
			sourceTree = "<group>";
		};
		8F2AABD02D0E902300B808B6 /* WeatherTrackerUITests */ = {
			isa = PBXFileSystemSynchronizedRootGroup;
			path = WeatherTrackerUITests;
			sourceTree = "<group>";
		};
/* End PBXFileSystemSynchronizedRootGroup section */

/* Begin PBXFrameworksBuildPhase section */
		8F2AABB02D0E901F00B808B6 /* Frameworks */ = {
			isa = PBXFrameworksBuildPhase;
			buildActionMask = 2147483647;
			files = (
			);
			runOnlyForDeploymentPostprocessing = 0;
		};
		8F2AABC02D0E902300B808B6 /* Frameworks */ = {
			isa = PBXFrameworksBuildPhase;
			buildActionMask = 2147483647;
			files = (
			);
			runOnlyForDeploymentPostprocessing = 0;
		};
		8F2AABCA2D0E902300B808B6 /* Frameworks */ = {
			isa = PBXFrameworksBuildPhase;
			buildActionMask = 2147483647;
			files = (
			);
			runOnlyForDeploymentPostprocessing = 0;
		};
/* End PBXFrameworksBuildPhase section */

/* Begin PBXGroup section */
		8F2AABAA2D0E901F00B808B6 = {
			isa = PBXGroup;
			children = (
				8F2AABB52D0E901F00B808B6 /* WeatherTracker */,
				8F2AABC62D0E902300B808B6 /* WeatherTrackerTests */,
				8F2AABD02D0E902300B808B6 /* WeatherTrackerUITests */,
				8F2AABB42D0E901F00B808B6 /* Products */,
			);
			sourceTree = "<group>";
		};
		8F2AABB42D0E901F00B808B6 /* Products */ = {
			isa = PBXGroup;
			children = (
				8F2AABB32D0E901F00B808B6 /* WeatherTracker.app */,
				8F2AABC32D0E902300B808B6 /* WeatherTrackerTests.xctest */,
				8F2AABCD2D0E902300B808B6 /* WeatherTrackerUITests.xctest */,
			);
			name = Products;
			sourceTree = "<group>";
		};
/* End PBXGroup section */

/* Begin PBXNativeTarget section */
		8F2AABB22D0E901F00B808B6 /* WeatherTracker */ = {
			isa = PBXNativeTarget;
			buildConfigurationList = 8F2AABD72D0E902300B808B6 /* Build configuration list for PBXNativeTarget "WeatherTracker" */;
			buildPhases = (
				8F2AABAF2D0E901F00B808B6 /* Sources */,
				8F2AABB02D0E901F00B808B6 /* Frameworks */,
				8F2AABB12D0E901F00B808B6 /* Resources */,
			);
			buildRules = (
			);
			dependencies = (
			);
			fileSystemSynchronizedGroups = (
				8F2AABB52D0E901F00B808B6 /* WeatherTracker */,
			);
			name = WeatherTracker;
			packageProductDependencies = (
			);
			productName = WeatherTracker;
			productReference = 8F2AABB32D0E901F00B808B6 /* WeatherTracker.app */;
			productType = "com.apple.product-type.application";
		};
		8F2AABC22D0E902300B808B6 /* WeatherTrackerTests */ = {
			isa = PBXNativeTarget;
			buildConfigurationList = 8F2AABDA2D0E902300B808B6 /* Build configuration list for PBXNativeTarget "WeatherTrackerTests" */;
			buildPhases = (
				8F2AABBF2D0E902300B808B6 /* Sources */,
				8F2AABC02D0E902300B808B6 /* Frameworks */,
				8F2AABC12D0E902300B808B6 /* Resources */,
			);
			buildRules = (
			);
			dependencies = (
				8F2AABC52D0E902300B808B6 /* PBXTargetDependency */,
			);
			fileSystemSynchronizedGroups = (
				8F2AABC62D0E902300B808B6 /* WeatherTrackerTests */,
			);
			name = WeatherTrackerTests;
			packageProductDependencies = (
			);
			productName = WeatherTrackerTests;
			productReference = 8F2AABC32D0E902300B808B6 /* WeatherTrackerTests.xctest */;
			productType = "com.apple.product-type.bundle.unit-test";
		};
		8F2AABCC2D0E902300B808B6 /* WeatherTrackerUITests */ = {
			isa = PBXNativeTarget;
			buildConfigurationList = 8F2AABDD2D0E902300B808B6 /* Build configuration list for PBXNativeTarget "WeatherTrackerUITests" */;
			buildPhases = (
				8F2AABC92D0E902300B808B6 /* Sources */,
				8F2AABCA2D0E902300B808B6 /* Frameworks */,
				8F2AABCB2D0E902300B808B6 /* Resources */,
			);
			buildRules = (
			);
			dependencies = (
				8F2AABCF2D0E902300B808B6 /* PBXTargetDependency */,
			);
			fileSystemSynchronizedGroups = (
				8F2AABD02D0E902300B808B6 /* WeatherTrackerUITests */,
			);
			name = WeatherTrackerUITests;
			packageProductDependencies = (
			);
			productName = WeatherTrackerUITests;
			productReference = 8F2AABCD2D0E902300B808B6 /* WeatherTrackerUITests.xctest */;
			productType = "com.apple.product-type.bundle.ui-testing";
		};
/* End PBXNativeTarget section */

/* Begin PBXProject section */
		8F2AABAB2D0E901F00B808B6 /* Project object */ = {
			isa = PBXProject;
			attributes = {
				BuildIndependentTargetsInParallel = 1;
				LastSwiftUpdateCheck = 1610;
				LastUpgradeCheck = 1610;
				TargetAttributes = {
					8F2AABB22D0E901F00B808B6 = {
						CreatedOnToolsVersion = 16.1;
					};
					8F2AABC22D0E902300B808B6 = {
						CreatedOnToolsVersion = 16.1;
						TestTargetID = 8F2AABB22D0E901F00B808B6;
					};
					8F2AABCC2D0E902300B808B6 = {
						CreatedOnToolsVersion = 16.1;
						TestTargetID = 8F2AABB22D0E901F00B808B6;
					};
				};
			};
			buildConfigurationList = 8F2AABAE2D0E901F00B808B6 /* Build configuration list for PBXProject "WeatherTracker" */;
			developmentRegion = en;
			hasScannedForEncodings = 0;
			knownRegions = (
				en,
				Base,
			);
			mainGroup = 8F2AABAA2D0E901F00B808B6;
			minimizedProjectReferenceProxies = 1;
			preferredProjectObjectVersion = 77;
			productRefGroup = 8F2AABB42D0E901F00B808B6 /* Products */;
			projectDirPath = "";
			projectRoot = "";
			targets = (
				8F2AABB22D0E901F00B808B6 /* WeatherTracker */,
				8F2AABC22D0E902300B808B6 /* WeatherTrackerTests */,
				8F2AABCC2D0E902300B808B6 /* WeatherTrackerUITests */,
			);
		};
/* End PBXProject section */

/* Begin PBXResourcesBuildPhase section */
		8F2AABB12D0E901F00B808B6 /* Resources */ = {
			isa = PBXResourcesBuildPhase;
			buildActionMask = 2147483647;
			files = (
			);
			runOnlyForDeploymentPostprocessing = 0;
		};
		8F2AABC12D0E902300B808B6 /* Resources */ = {
			isa = PBXResourcesBuildPhase;
			buildActionMask = 2147483647;
			files = (
			);
			runOnlyForDeploymentPostprocessing = 0;
		};
		8F2AABCB2D0E902300B808B6 /* Resources */ = {
			isa = PBXResourcesBuildPhase;
			buildActionMask = 2147483647;
			files = (
			);
			runOnlyForDeploymentPostprocessing = 0;
		};
/* End PBXResourcesBuildPhase section */

/* Begin PBXSourcesBuildPhase section */
		8F2AABAF2D0E901F00B808B6 /* Sources */ = {
			isa = PBXSourcesBuildPhase;
			buildActionMask = 2147483647;
			files = (
			);
			runOnlyForDeploymentPostprocessing = 0;
		};
		8F2AABBF2D0E902300B808B6 /* Sources */ = {
			isa = PBXSourcesBuildPhase;
			buildActionMask = 2147483647;
			files = (
			);
			runOnlyForDeploymentPostprocessing = 0;
		};
		8F2AABC92D0E902300B808B6 /* Sources */ = {
			isa = PBXSourcesBuildPhase;
			buildActionMask = 2147483647;
			files = (
			);
			runOnlyForDeploymentPostprocessing = 0;
		};
/* End PBXSourcesBuildPhase section */

/* Begin PBXTargetDependency section */
		8F2AABC52D0E902300B808B6 /* PBXTargetDependency */ = {
			isa = PBXTargetDependency;
			target = 8F2AABB22D0E901F00B808B6 /* WeatherTracker */;
			targetProxy = 8F2AABC42D0E902300B808B6 /* PBXContainerItemProxy */;
		};
		8F2AABCF2D0E902300B808B6 /* PBXTargetDependency */ = {
			isa = PBXTargetDependency;
			target = 8F2AABB22D0E901F00B808B6 /* WeatherTracker */;
			targetProxy = 8F2AABCE2D0E902300B808B6 /* PBXContainerItemProxy */;
		};
/* End PBXTargetDependency section */

/* Begin XCBuildConfiguration section */
		8F2AABD52D0E902300B808B6 /* Debug */ = {
			isa = XCBuildConfiguration;
			buildSettings = {
				ALWAYS_SEARCH_USER_PATHS = NO;
				ASSETCATALOG_COMPILER_GENERATE_SWIFT_ASSET_SYMBOL_EXTENSIONS = YES;
				CLANG_ANALYZER_NONNULL = YES;
				CLANG_ANALYZER_NUMBER_OBJECT_CONVERSION = YES_AGGRESSIVE;
				CLANG_CXX_LANGUAGE_STANDARD = "gnu++20";
				CLANG_ENABLE_MODULES = YES;
				CLANG_ENABLE_OBJC_ARC = YES;
				CLANG_ENABLE_OBJC_WEAK = YES;
				CLANG_WARN_BLOCK_CAPTURE_AUTORELEASING = YES;
				CLANG_WARN_BOOL_CONVERSION = YES;
				CLANG_WARN_COMMA = YES;
				CLANG_WARN_CONSTANT_CONVERSION = YES;
				CLANG_WARN_DEPRECATED_OBJC_IMPLEMENTATIONS = YES;
				CLANG_WARN_DIRECT_OBJC_ISA_USAGE = YES_ERROR;
				CLANG_WARN_DOCUMENTATION_COMMENTS = YES;
				CLANG_WARN_EMPTY_BODY = YES;
				CLANG_WARN_ENUM_CONVERSION = YES;
				CLANG_WARN_INFINITE_RECURSION = YES;
				CLANG_WARN_INT_CONVERSION = YES;
				CLANG_WARN_NON_LITERAL_NULL_CONVERSION = YES;
				CLANG_WARN_OBJC_IMPLICIT_RETAIN_SELF = YES;
				CLANG_WARN_OBJC_LITERAL_CONVERSION = YES;
				CLANG_WARN_OBJC_ROOT_CLASS = YES_ERROR;
				CLANG_WARN_QUOTED_INCLUDE_IN_FRAMEWORK_HEADER = YES;
				CLANG_WARN_RANGE_LOOP_ANALYSIS = YES;
				CLANG_WARN_STRICT_PROTOTYPES = YES;
				CLANG_WARN_SUSPICIOUS_MOVE = YES;
				CLANG_WARN_UNGUARDED_AVAILABILITY = YES_AGGRESSIVE;
				CLANG_WARN_UNREACHABLE_CODE = YES;
				CLANG_WARN__DUPLICATE_METHOD_MATCH = YES;
				COPY_PHASE_STRIP = NO;
				DEBUG_INFORMATION_FORMAT = dwarf;
				ENABLE_STRICT_OBJC_MSGSEND = YES;
				ENABLE_TESTABILITY = YES;
				ENABLE_USER_SCRIPT_SANDBOXING = YES;
				GCC_C_LANGUAGE_STANDARD = gnu17;
				GCC_DYNAMIC_NO_PIC = NO;
				GCC_NO_COMMON_BLOCKS = YES;
				GCC_OPTIMIZATION_LEVEL = 0;
				GCC_PREPROCESSOR_DEFINITIONS = (
					"DEBUG=1",
					"$(inherited)",
				);
				GCC_WARN_64_TO_32_BIT_CONVERSION = YES;
				GCC_WARN_ABOUT_RETURN_TYPE = YES_ERROR;
				GCC_WARN_UNDECLARED_SELECTOR = YES;
				GCC_WARN_UNINITIALIZED_AUTOS = YES_AGGRESSIVE;
				GCC_WARN_UNUSED_FUNCTION = YES;
				GCC_WARN_UNUSED_VARIABLE = YES;
				IPHONEOS_DEPLOYMENT_TARGET = 18.1;
				LOCALIZATION_PREFERS_STRING_CATALOGS = YES;
				MTL_ENABLE_DEBUG_INFO = INCLUDE_SOURCE;
				MTL_FAST_MATH = YES;
				ONLY_ACTIVE_ARCH = YES;
				SDKROOT = iphoneos;
				SWIFT_ACTIVE_COMPILATION_CONDITIONS = "DEBUG $(inherited)";
				SWIFT_OPTIMIZATION_LEVEL = "-Onone";
			};
			name = Debug;
		};
		8F2AABD62D0E902300B808B6 /* Release */ = {
			isa = XCBuildConfiguration;
			buildSettings = {
				ALWAYS_SEARCH_USER_PATHS = NO;
				ASSETCATALOG_COMPILER_GENERATE_SWIFT_ASSET_SYMBOL_EXTENSIONS = YES;
				CLANG_ANALYZER_NONNULL = YES;
				CLANG_ANALYZER_NUMBER_OBJECT_CONVERSION = YES_AGGRESSIVE;
				CLANG_CXX_LANGUAGE_STANDARD = "gnu++20";
				CLANG_ENABLE_MODULES = YES;
				CLANG_ENABLE_OBJC_ARC = YES;
				CLANG_ENABLE_OBJC_WEAK = YES;
				CLANG_WARN_BLOCK_CAPTURE_AUTORELEASING = YES;
				CLANG_WARN_BOOL_CONVERSION = YES;
				CLANG_WARN_COMMA = YES;
				CLANG_WARN_CONSTANT_CONVERSION = YES;
				CLANG_WARN_DEPRECATED_OBJC_IMPLEMENTATIONS = YES;
				CLANG_WARN_DIRECT_OBJC_ISA_USAGE = YES_ERROR;
				CLANG_WARN_DOCUMENTATION_COMMENTS = YES;
				CLANG_WARN_EMPTY_BODY = YES;
				CLANG_WARN_ENUM_CONVERSION = YES;
				CLANG_WARN_INFINITE_RECURSION = YES;
				CLANG_WARN_INT_CONVERSION = YES;
				CLANG_WARN_NON_LITERAL_NULL_CONVERSION = YES;
				CLANG_WARN_OBJC_IMPLICIT_RETAIN_SELF = YES;
				CLANG_WARN_OBJC_LITERAL_CONVERSION = YES;
				CLANG_WARN_OBJC_ROOT_CLASS = YES_ERROR;
				CLANG_WARN_QUOTED_INCLUDE_IN_FRAMEWORK_HEADER = YES;
				CLANG_WARN_RANGE_LOOP_ANALYSIS = YES;
				CLANG_WARN_STRICT_PROTOTYPES = YES;
				CLANG_WARN_SUSPICIOUS_MOVE = YES;
				CLANG_WARN_UNGUARDED_AVAILABILITY = YES_AGGRESSIVE;
				CLANG_WARN_UNREACHABLE_CODE = YES;
				CLANG_WARN__DUPLICATE_METHOD_MATCH = YES;
				COPY_PHASE_STRIP = NO;
				DEBUG_INFORMATION_FORMAT = "dwarf-with-dsym";
				ENABLE_NS_ASSERTIONS = NO;
				ENABLE_STRICT_OBJC_MSGSEND = YES;
				ENABLE_USER_SCRIPT_SANDBOXING = YES;
				GCC_C_LANGUAGE_STANDARD = gnu17;
				GCC_NO_COMMON_BLOCKS = YES;
				GCC_WARN_64_TO_32_BIT_CONVERSION = YES;
				GCC_WARN_ABOUT_RETURN_TYPE = YES_ERROR;
				GCC_WARN_UNDECLARED_SELECTOR = YES;
				GCC_WARN_UNINITIALIZED_AUTOS = YES_AGGRESSIVE;
				GCC_WARN_UNUSED_FUNCTION = YES;
				GCC_WARN_UNUSED_VARIABLE = YES;
				IPHONEOS_DEPLOYMENT_TARGET = 18.1;
				LOCALIZATION_PREFERS_STRING_CATALOGS = YES;
				MTL_ENABLE_DEBUG_INFO = NO;
				MTL_FAST_MATH = YES;
				SDKROOT = iphoneos;
				SWIFT_COMPILATION_MODE = wholemodule;
				VALIDATE_PRODUCT = YES;
			};
			name = Release;
		};
		8F2AABD82D0E902300B808B6 /* Debug */ = {
			isa = XCBuildConfiguration;
			buildSettings = {
				ASSETCATALOG_COMPILER_APPICON_NAME = AppIcon;
				ASSETCATALOG_COMPILER_GLOBAL_ACCENT_COLOR_NAME = AccentColor;
				CODE_SIGN_STYLE = Automatic;
				CURRENT_PROJECT_VERSION = 1;
				DEVELOPMENT_ASSET_PATHS = "\"WeatherTracker/Preview Content\"";
				ENABLE_PREVIEWS = YES;
				GENERATE_INFOPLIST_FILE = YES;
				INFOPLIST_FILE = WeatherTracker/Info.plist;
				INFOPLIST_KEY_UIApplicationSceneManifest_Generation = YES;
				INFOPLIST_KEY_UIApplicationSupportsIndirectInputEvents = YES;
				INFOPLIST_KEY_UILaunchScreen_Generation = YES;
				INFOPLIST_KEY_UISupportedInterfaceOrientations_iPad = "UIInterfaceOrientationPortrait UIInterfaceOrientationPortraitUpsideDown UIInterfaceOrientationLandscapeLeft UIInterfaceOrientationLandscapeRight";
				INFOPLIST_KEY_UISupportedInterfaceOrientations_iPhone = "UIInterfaceOrientationPortrait UIInterfaceOrientationLandscapeLeft UIInterfaceOrientationLandscapeRight";
				LD_RUNPATH_SEARCH_PATHS = (
					"$(inherited)",
					"@executable_path/Frameworks",
				);
				MARKETING_VERSION = 1.0;
				PRODUCT_BUNDLE_IDENTIFIER = com.myrline.WeatherTracker;
				PRODUCT_NAME = "$(TARGET_NAME)";
				SWIFT_EMIT_LOC_STRINGS = YES;
				SWIFT_VERSION = 5.0;
				TARGETED_DEVICE_FAMILY = "1,2";
			};
			name = Debug;
		};
		8F2AABD92D0E902300B808B6 /* Release */ = {
			isa = XCBuildConfiguration;
			buildSettings = {
				ASSETCATALOG_COMPILER_APPICON_NAME = AppIcon;
				ASSETCATALOG_COMPILER_GLOBAL_ACCENT_COLOR_NAME = AccentColor;
				CODE_SIGN_STYLE = Automatic;
				CURRENT_PROJECT_VERSION = 1;
				DEVELOPMENT_ASSET_PATHS = "\"WeatherTracker/Preview Content\"";
				ENABLE_PREVIEWS = YES;
				GENERATE_INFOPLIST_FILE = YES;
				INFOPLIST_FILE = WeatherTracker/Info.plist;
				INFOPLIST_KEY_UIApplicationSceneManifest_Generation = YES;
				INFOPLIST_KEY_UIApplicationSupportsIndirectInputEvents = YES;
				INFOPLIST_KEY_UILaunchScreen_Generation = YES;
				INFOPLIST_KEY_UISupportedInterfaceOrientations_iPad = "UIInterfaceOrientationPortrait UIInterfaceOrientationPortraitUpsideDown UIInterfaceOrientationLandscapeLeft UIInterfaceOrientationLandscapeRight";
				INFOPLIST_KEY_UISupportedInterfaceOrientations_iPhone = "UIInterfaceOrientationPortrait UIInterfaceOrientationLandscapeLeft UIInterfaceOrientationLandscapeRight";
				LD_RUNPATH_SEARCH_PATHS = (
					"$(inherited)",
					"@executable_path/Frameworks",
				);
				MARKETING_VERSION = 1.0;
				PRODUCT_BUNDLE_IDENTIFIER = com.myrline.WeatherTracker;
				PRODUCT_NAME = "$(TARGET_NAME)";
				SWIFT_EMIT_LOC_STRINGS = YES;
				SWIFT_VERSION = 5.0;
				TARGETED_DEVICE_FAMILY = "1,2";
			};
			name = Release;
		};
		8F2AABDB2D0E902300B808B6 /* Debug */ = {
			isa = XCBuildConfiguration;
			buildSettings = {
				BUNDLE_LOADER = "$(TEST_HOST)";
				CODE_SIGN_STYLE = Automatic;
				CURRENT_PROJECT_VERSION = 1;
				GENERATE_INFOPLIST_FILE = YES;
				IPHONEOS_DEPLOYMENT_TARGET = 18.1;
				MARKETING_VERSION = 1.0;
				PRODUCT_BUNDLE_IDENTIFIER = com.myrline.WeatherTrackerTests;
				PRODUCT_NAME = "$(TARGET_NAME)";
				SWIFT_EMIT_LOC_STRINGS = NO;
				SWIFT_VERSION = 5.0;
				TARGETED_DEVICE_FAMILY = "1,2";
				TEST_HOST = "$(BUILT_PRODUCTS_DIR)/WeatherTracker.app/$(BUNDLE_EXECUTABLE_FOLDER_PATH)/WeatherTracker";
			};
			name = Debug;
		};
		8F2AABDC2D0E902300B808B6 /* Release */ = {
			isa = XCBuildConfiguration;
			buildSettings = {
				BUNDLE_LOADER = "$(TEST_HOST)";
				CODE_SIGN_STYLE = Automatic;
				CURRENT_PROJECT_VERSION = 1;
				GENERATE_INFOPLIST_FILE = YES;
				IPHONEOS_DEPLOYMENT_TARGET = 18.1;
				MARKETING_VERSION = 1.0;
				PRODUCT_BUNDLE_IDENTIFIER = com.myrline.WeatherTrackerTests;
				PRODUCT_NAME = "$(TARGET_NAME)";
				SWIFT_EMIT_LOC_STRINGS = NO;
				SWIFT_VERSION = 5.0;
				TARGETED_DEVICE_FAMILY = "1,2";
				TEST_HOST = "$(BUILT_PRODUCTS_DIR)/WeatherTracker.app/$(BUNDLE_EXECUTABLE_FOLDER_PATH)/WeatherTracker";
			};
			name = Release;
		};
		8F2AABDE2D0E902300B808B6 /* Debug */ = {
			isa = XCBuildConfiguration;
			buildSettings = {
				CODE_SIGN_STYLE = Automatic;
				CURRENT_PROJECT_VERSION = 1;
				GENERATE_INFOPLIST_FILE = YES;
				MARKETING_VERSION = 1.0;
				PRODUCT_BUNDLE_IDENTIFIER = com.myrline.WeatherTrackerUITests;
				PRODUCT_NAME = "$(TARGET_NAME)";
				SWIFT_EMIT_LOC_STRINGS = NO;
				SWIFT_VERSION = 5.0;
				TARGETED_DEVICE_FAMILY = "1,2";
				TEST_TARGET_NAME = WeatherTracker;
			};
			name = Debug;
		};
		8F2AABDF2D0E902300B808B6 /* Release */ = {
			isa = XCBuildConfiguration;
			buildSettings = {
				CODE_SIGN_STYLE = Automatic;
				CURRENT_PROJECT_VERSION = 1;
				GENERATE_INFOPLIST_FILE = YES;
				MARKETING_VERSION = 1.0;
				PRODUCT_BUNDLE_IDENTIFIER = com.myrline.WeatherTrackerUITests;
				PRODUCT_NAME = "$(TARGET_NAME)";
				SWIFT_EMIT_LOC_STRINGS = NO;
				SWIFT_VERSION = 5.0;
				TARGETED_DEVICE_FAMILY = "1,2";
				TEST_TARGET_NAME = WeatherTracker;
			};
			name = Release;
		};
/* End XCBuildConfiguration section */

/* Begin XCConfigurationList section */
		8F2AABAE2D0E901F00B808B6 /* Build configuration list for PBXProject "WeatherTracker" */ = {
			isa = XCConfigurationList;
			buildConfigurations = (
				8F2AABD52D0E902300B808B6 /* Debug */,
				8F2AABD62D0E902300B808B6 /* Release */,
			);
			defaultConfigurationIsVisible = 0;
			defaultConfigurationName = Release;
		};
		8F2AABD72D0E902300B808B6 /* Build configuration list for PBXNativeTarget "WeatherTracker" */ = {
			isa = XCConfigurationList;
			buildConfigurations = (
				8F2AABD82D0E902300B808B6 /* Debug */,
				8F2AABD92D0E902300B808B6 /* Release */,
			);
			defaultConfigurationIsVisible = 0;
			defaultConfigurationName = Release;
		};
		8F2AABDA2D0E902300B808B6 /* Build configuration list for PBXNativeTarget "WeatherTrackerTests" */ = {
			isa = XCConfigurationList;
			buildConfigurations = (
				8F2AABDB2D0E902300B808B6 /* Debug */,
				8F2AABDC2D0E902300B808B6 /* Release */,
			);
			defaultConfigurationIsVisible = 0;
			defaultConfigurationName = Release;
		};
		8F2AABDD2D0E902300B808B6 /* Build configuration list for PBXNativeTarget "WeatherTrackerUITests" */ = {
			isa = XCConfigurationList;
			buildConfigurations = (
				8F2AABDE2D0E902300B808B6 /* Debug */,
				8F2AABDF2D0E902300B808B6 /* Release */,
			);
			defaultConfigurationIsVisible = 0;
			defaultConfigurationName = Release;
		};
/* End XCConfigurationList section */
	};
	rootObject = 8F2AABAB2D0E901F00B808B6 /* Project object */;
}
